
Microsoft Visual Studio Solution File, Format Version 12.00
Project("{FAE04EC0-301F-11D3-BF4B-00C04F79EFBC}") = "ReactiveSystemsLab.AppHost", "Aspire\ReactiveSystemsLab.AppHost\ReactiveSystemsLab.AppHost.csproj", "{90534115-4395-4C20-8D32-6CDDE28A9B65}"
EndProject
Project("{FAE04EC0-301F-11D3-BF4B-00C04F79EFBC}") = "ReactiveSystemsLab.ServiceDefaults", "Aspire\ReactiveSystemsLab.ServiceDefaults\ReactiveSystemsLab.ServiceDefaults.csproj", "{7C749ACD-7C34-42BE-AF76-5FAF8F0B9F96}"
EndProject
Project("{FAE04EC0-301F-11D3-BF4B-00C04F79EFBC}") = "ApiGateway", "ApiGateway\ApiGateway\ApiGateway.csproj", "{541CA5A4-C61D-40D9-828C-87B11739EC63}"
EndProject
Project("{FAE04EC0-301F-11D3-BF4B-00C04F79EFBC}") = "BankingService", "BankingService\BankingService\BankingService.csproj", "{15447198-E714-44BF-8C24-6A6A1393D03B}"
EndProject
Project("{FAE04EC0-301F-11D3-BF4B-00C04F79EFBC}") = "BlockchainService", "BlockchainService\BlockchainService\BlockchainService.csproj", "{F6B2F8E7-25B0-4174-B0E4-760C837F4187}"
EndProject
Project("{FAE04EC0-301F-11D3-BF4B-00C04F79EFBC}") = "NotificationService", "NotificationService\NotificationService\NotificationService.csproj", "{9F3D6A65-D3B6-4627-A105-73ABA991F3C3}"
EndProject
Project("{FAE04EC0-301F-11D3-BF4B-00C04F79EFBC}") = "BlockchainService.Api", "BlockchainService\BlockchainService.Api\BlockchainService.Api.csproj", "{0ED78017-C9A6-40E7-A384-89880D87740D}"
EndProject
Project("{2150E333-8FDC-42A3-9474-1A3956D46DE8}") = "Aspire", "Aspire", "{6634CF42-6A87-4142-9216-714D3B83D515}"
EndProject
Project("{2150E333-8FDC-42A3-9474-1A3956D46DE8}") = "ApiGateway", "ApiGateway", "{EAEB1D91-BC84-4804-B4CB-0E6C9D3156D8}"
EndProject
Project("{2150E333-8FDC-42A3-9474-1A3956D46DE8}") = "BankingService", "BankingService", "{31E5A35E-5EE8-4547-ACED-9A4CB4F0E7EC}"
EndProject
Project("{2150E333-8FDC-42A3-9474-1A3956D46DE8}") = "BlockchainService", "BlockchainService", "{CF080042-3A2C-466C-817F-ABA5394B2124}"
EndProject
Project("{2150E333-8FDC-42A3-9474-1A3956D46DE8}") = "NotificationService", "NotificationService", "{5E3B2D35-E490-4E93-A013-15573B9EE203}"
EndProject
Project("{FAE04EC0-301F-11D3-BF4B-00C04F79EFBC}") = "BlockchainService.Setup", "BlockchainService\BlockchainService.Setup\BlockchainService.Setup.csproj", "{7705D781-9CFE-4459-A3C5-4FAC749CC9FA}"
EndProject
Project("{2150E333-8FDC-42A3-9474-1A3956D46DE8}") = "Common", "Common", "{B662646E-355D-458C-921B-4FE7B9418078}"
EndProject
Project("{FAE04EC0-301F-11D3-BF4B-00C04F79EFBC}") = "Common.Database", "Common\Common.Database\Common.Database.csproj", "{39EAA739-5A29-4594-B4FB-92C888481A28}"
EndProject
Project("{FAE04EC0-301F-11D3-BF4B-00C04F79EFBC}") = "Common.Kafka", "Common\Common.Kafka\Common.Kafka.csproj", "{7A40EEF3-1D98-463A-93F5-EFBAF418A097}"
EndProject
Project("{FAE04EC0-301F-11D3-BF4B-00C04F79EFBC}") = "BankingService.Api", "BankingService\BankingService.Api\BankingService.Api.csproj", "{722B9153-564D-4B59-B591-E8C15FABC9DC}"
EndProject
Global
	GlobalSection(SolutionConfigurationPlatforms) = preSolution
		Debug|Any CPU = Debug|Any CPU
		Release|Any CPU = Release|Any CPU
	EndGlobalSection
	GlobalSection(ProjectConfigurationPlatforms) = postSolution
		{90534115-4395-4C20-8D32-6CDDE28A9B65}.Debug|Any CPU.ActiveCfg = Debug|Any CPU
		{90534115-4395-4C20-8D32-6CDDE28A9B65}.Debug|Any CPU.Build.0 = Debug|Any CPU
		{90534115-4395-4C20-8D32-6CDDE28A9B65}.Release|Any CPU.ActiveCfg = Release|Any CPU
		{90534115-4395-4C20-8D32-6CDDE28A9B65}.Release|Any CPU.Build.0 = Release|Any CPU
		{7C749ACD-7C34-42BE-AF76-5FAF8F0B9F96}.Debug|Any CPU.ActiveCfg = Debug|Any CPU
		{7C749ACD-7C34-42BE-AF76-5FAF8F0B9F96}.Debug|Any CPU.Build.0 = Debug|Any CPU
		{7C749ACD-7C34-42BE-AF76-5FAF8F0B9F96}.Release|Any CPU.ActiveCfg = Release|Any CPU
		{7C749ACD-7C34-42BE-AF76-5FAF8F0B9F96}.Release|Any CPU.Build.0 = Release|Any CPU
		{541CA5A4-C61D-40D9-828C-87B11739EC63}.Debug|Any CPU.ActiveCfg = Debug|Any CPU
		{541CA5A4-C61D-40D9-828C-87B11739EC63}.Debug|Any CPU.Build.0 = Debug|Any CPU
		{541CA5A4-C61D-40D9-828C-87B11739EC63}.Release|Any CPU.ActiveCfg = Release|Any CPU
		{541CA5A4-C61D-40D9-828C-87B11739EC63}.Release|Any CPU.Build.0 = Release|Any CPU
		{15447198-E714-44BF-8C24-6A6A1393D03B}.Debug|Any CPU.ActiveCfg = Debug|Any CPU
		{15447198-E714-44BF-8C24-6A6A1393D03B}.Debug|Any CPU.Build.0 = Debug|Any CPU
		{15447198-E714-44BF-8C24-6A6A1393D03B}.Release|Any CPU.ActiveCfg = Release|Any CPU
		{15447198-E714-44BF-8C24-6A6A1393D03B}.Release|Any CPU.Build.0 = Release|Any CPU
		{F6B2F8E7-25B0-4174-B0E4-760C837F4187}.Debug|Any CPU.ActiveCfg = Debug|Any CPU
		{F6B2F8E7-25B0-4174-B0E4-760C837F4187}.Debug|Any CPU.Build.0 = Debug|Any CPU
		{F6B2F8E7-25B0-4174-B0E4-760C837F4187}.Release|Any CPU.ActiveCfg = Release|Any CPU
		{F6B2F8E7-25B0-4174-B0E4-760C837F4187}.Release|Any CPU.Build.0 = Release|Any CPU
		{9F3D6A65-D3B6-4627-A105-73ABA991F3C3}.Debug|Any CPU.ActiveCfg = Debug|Any CPU
		{9F3D6A65-D3B6-4627-A105-73ABA991F3C3}.Debug|Any CPU.Build.0 = Debug|Any CPU
		{9F3D6A65-D3B6-4627-A105-73ABA991F3C3}.Release|Any CPU.ActiveCfg = Release|Any CPU
		{9F3D6A65-D3B6-4627-A105-73ABA991F3C3}.Release|Any CPU.Build.0 = Release|Any CPU
		{0ED78017-C9A6-40E7-A384-89880D87740D}.Debug|Any CPU.ActiveCfg = Debug|Any CPU
		{0ED78017-C9A6-40E7-A384-89880D87740D}.Debug|Any CPU.Build.0 = Debug|Any CPU
		{0ED78017-C9A6-40E7-A384-89880D87740D}.Release|Any CPU.ActiveCfg = Release|Any CPU
		{0ED78017-C9A6-40E7-A384-89880D87740D}.Release|Any CPU.Build.0 = Release|Any CPU
		{7705D781-9CFE-4459-A3C5-4FAC749CC9FA}.Debug|Any CPU.ActiveCfg = Debug|Any CPU
		{7705D781-9CFE-4459-A3C5-4FAC749CC9FA}.Debug|Any CPU.Build.0 = Debug|Any CPU
		{7705D781-9CFE-4459-A3C5-4FAC749CC9FA}.Release|Any CPU.ActiveCfg = Release|Any CPU
		{7705D781-9CFE-4459-A3C5-4FAC749CC9FA}.Release|Any CPU.Build.0 = Release|Any CPU
		{39EAA739-5A29-4594-B4FB-92C888481A28}.Debug|Any CPU.ActiveCfg = Debug|Any CPU
		{39EAA739-5A29-4594-B4FB-92C888481A28}.Debug|Any CPU.Build.0 = Debug|Any CPU
		{39EAA739-5A29-4594-B4FB-92C888481A28}.Release|Any CPU.ActiveCfg = Release|Any CPU
		{39EAA739-5A29-4594-B4FB-92C888481A28}.Release|Any CPU.Build.0 = Release|Any CPU
		{7A40EEF3-1D98-463A-93F5-EFBAF418A097}.Debug|Any CPU.ActiveCfg = Debug|Any CPU
		{7A40EEF3-1D98-463A-93F5-EFBAF418A097}.Debug|Any CPU.Build.0 = Debug|Any CPU
		{7A40EEF3-1D98-463A-93F5-EFBAF418A097}.Release|Any CPU.ActiveCfg = Release|Any CPU
		{7A40EEF3-1D98-463A-93F5-EFBAF418A097}.Release|Any CPU.Build.0 = Release|Any CPU
		{722B9153-564D-4B59-B591-E8C15FABC9DC}.Debug|Any CPU.ActiveCfg = Debug|Any CPU
		{722B9153-564D-4B59-B591-E8C15FABC9DC}.Debug|Any CPU.Build.0 = Debug|Any CPU
		{722B9153-564D-4B59-B591-E8C15FABC9DC}.Release|Any CPU.ActiveCfg = Release|Any CPU
		{722B9153-564D-4B59-B591-E8C15FABC9DC}.Release|Any CPU.Build.0 = Release|Any CPU
	EndGlobalSection
	GlobalSection(NestedProjects) = preSolution
		{90534115-4395-4C20-8D32-6CDDE28A9B65} = {6634CF42-6A87-4142-9216-714D3B83D515}
		{7C749ACD-7C34-42BE-AF76-5FAF8F0B9F96} = {6634CF42-6A87-4142-9216-714D3B83D515}
		{541CA5A4-C61D-40D9-828C-87B11739EC63} = {EAEB1D91-BC84-4804-B4CB-0E6C9D3156D8}
		{15447198-E714-44BF-8C24-6A6A1393D03B} = {31E5A35E-5EE8-4547-ACED-9A4CB4F0E7EC}
		{F6B2F8E7-25B0-4174-B0E4-760C837F4187} = {CF080042-3A2C-466C-817F-ABA5394B2124}
		{0ED78017-C9A6-40E7-A384-89880D87740D} = {CF080042-3A2C-466C-817F-ABA5394B2124}
		{9F3D6A65-D3B6-4627-A105-73ABA991F3C3} = {5E3B2D35-E490-4E93-A013-15573B9EE203}
		{7705D781-9CFE-4459-A3C5-4FAC749CC9FA} = {CF080042-3A2C-466C-817F-ABA5394B2124}
		{39EAA739-5A29-4594-B4FB-92C888481A28} = {B662646E-355D-458C-921B-4FE7B9418078}
		{7A40EEF3-1D98-463A-93F5-EFBAF418A097} = {B662646E-355D-458C-921B-4FE7B9418078}
		{722B9153-564D-4B59-B591-E8C15FABC9DC} = {31E5A35E-5EE8-4547-ACED-9A4CB4F0E7EC}
	EndGlobalSection
EndGlobal
